
Microsoft Visual Studio Solution File, Format Version 12.00
# Visual Studio Version 17
VisualStudioVersion = 17.14.36109.1 d17.14
MinimumVisualStudioVersion = 10.0.40219.1
Project("{FAE04EC0-301F-11D3-BF4B-00C04F79EFBC}") = "Task-Worker Matching", "Task-Worker Matching\Task-Worker Matching.csproj", "{7D88C8F0-70B4-4C5E-811C-1B039298EEDC}"
EndProject
Global
	GlobalSection(SolutionConfigurationPlatforms) = preSolution
		Debug|Any CPU = Debug|Any CPU
		Release|Any CPU = Release|Any CPU
	EndGlobalSection
	GlobalSection(ProjectConfigurationPlatforms) = postSolution
		{7D88C8F0-70B4-4C5E-811C-1B039298EEDC}.Debug|Any CPU.ActiveCfg = Debug|Any CPU
		{7D88C8F0-70B4-4C5E-811C-1B039298EEDC}.Debug|Any CPU.Build.0 = Debug|Any CPU
		{7D88C8F0-70B4-4C5E-811C-1B039298EEDC}.Release|Any CPU.ActiveCfg = Release|Any CPU
		{7D88C8F0-70B4-4C5E-811C-1B039298EEDC}.Release|Any CPU.Build.0 = Release|Any CPU
	EndGlobalSection
	GlobalSection(SolutionProperties) = preSolution
		HideSolutionNode = FALSE
	EndGlobalSection
	GlobalSection(ExtensibilityGlobals) = postSolution
		SolutionGuid = {E9136AE7-1597-4232-8883-148BCFEC2EFB}
	EndGlobalSection
EndGlobal
